
Microsoft Visual Studio Solution File, Format Version 12.00
# Visual Studio Version 17
VisualStudioVersion = 17.14.36310.24 d17.14
MinimumVisualStudioVersion = 10.0.40219.1
Project("{FAE04EC0-301F-11D3-BF4B-00C04F79EFBC}") = "BRMSBS_capstoneproject", "BRMSBS_capstoneproject.csproj", "{48BEA46A-7324-46ED-820F-83DD664C23F9}"
EndProject
Global
	GlobalSection(SolutionConfigurationPlatforms) = preSolution
		Debug|Any CPU = Debug|Any CPU
		Release|Any CPU = Release|Any CPU
	EndGlobalSection
	GlobalSection(ProjectConfigurationPlatforms) = postSolution
		{48BEA46A-7324-46ED-820F-83DD664C23F9}.Debug|Any CPU.ActiveCfg = Debug|Any CPU
		{48BEA46A-7324-46ED-820F-83DD664C23F9}.Debug|Any CPU.Build.0 = Debug|Any CPU
		{48BEA46A-7324-46ED-820F-83DD664C23F9}.Release|Any CPU.ActiveCfg = Release|Any CPU
		{48BEA46A-7324-46ED-820F-83DD664C23F9}.Release|Any CPU.Build.0 = Release|Any CPU
	EndGlobalSection
	GlobalSection(SolutionProperties) = preSolution
		HideSolutionNode = FALSE
	EndGlobalSection
	GlobalSection(ExtensibilityGlobals) = postSolution
		SolutionGuid = {FBF67738-BAA3-494C-93BF-A75A01CEE8B0}
	EndGlobalSection
EndGlobal
